
Microsoft Visual Studio Solution File, Format Version 12.00
# Visual Studio Version 17
VisualStudioVersion = 17.8.34330.188
MinimumVisualStudioVersion = 10.0.40219.1
Project("{2150E333-8FDC-42A3-9474-1A3956D46DE8}") = "src", "src", "{ED7A9CE3-BB44-4FB5-81B2-75010AF208D0}"
EndProject
Project("{2150E333-8FDC-42A3-9474-1A3956D46DE8}") = "test", "test", "{1EC6F01C-B6E9-4143-B919-9C2C12C99096}"
EndProject
Project("{2150E333-8FDC-42A3-9474-1A3956D46DE8}") = "API", "API", "{8ABDF98D-31EC-4C8A-B4C7-11A16E426FC5}"
EndProject
Project("{2150E333-8FDC-42A3-9474-1A3956D46DE8}") = "Core", "Core", "{C7E26715-336D-4CDF-BC8D-E43F35DE3906}"
EndProject
Project("{2150E333-8FDC-42A3-9474-1A3956D46DE8}") = "UI", "UI", "{3F64E535-38DA-4EDE-92FD-60B507AE6819}"
EndProject
Project("{2150E333-8FDC-42A3-9474-1A3956D46DE8}") = "Infrastructure", "Infrastructure", "{0DD80900-EEFF-4087-AADC-72A9FA9F05EE}"
EndProject
Project("{9A19103F-16F7-4668-BE54-9A1E7A4F7556}") = "TopicCleanArchitecture.Domain", "TopicCleanArchitecture.Domain\TopicCleanArchitecture.Domain.csproj", "{F74CB008-489C-4387-92A9-DAB8EAC3722C}"
EndProject
Project("{9A19103F-16F7-4668-BE54-9A1E7A4F7556}") = "TopicCleanArchitecture.Application", "TopicCleanArchitecture.Application\TopicCleanArchitecture.Application.csproj", "{65F08136-F16E-43EA-8144-A96AD98904C9}"
EndProject
Project("{9A19103F-16F7-4668-BE54-9A1E7A4F7556}") = "TopicCleanArchitecture.Persistence", "TopicCleanArchitecture.Persistence\TopicCleanArchitecture.Persistence.csproj", "{30658A0B-FEFC-4B34-AD6B-BE737A0E001D}"
EndProject
Project("{9A19103F-16F7-4668-BE54-9A1E7A4F7556}") = "TopicCleanArchitecture.Infrastructure", "TopicCleanArchitecture.Infrastructure\TopicCleanArchitecture.Infrastructure.csproj", "{C1077B1A-DB87-49B1-A4BB-D110681FF874}"
EndProject
Project("{9A19103F-16F7-4668-BE54-9A1E7A4F7556}") = "TopicCleanArchitecture.Api", "TopicCleanArchitecture.Api\TopicCleanArchitecture.Api.csproj", "{3FD09C79-E9E6-4B9D-892C-5A3E2CA216F9}"
EndProject
Project("{FAE04EC0-301F-11D3-BF4B-00C04F79EFBC}") = "TopicCleanArchitecture.Application.UnitTests", "TopicCleanArchitecture.Application.UnitTests\TopicCleanArchitecture.Application.UnitTests.csproj", "{370CEBDC-2186-41AB-9B4D-ED1461FA42E8}"
EndProject
Global
	GlobalSection(SolutionConfigurationPlatforms) = preSolution
		Debug|Any CPU = Debug|Any CPU
		Release|Any CPU = Release|Any CPU
	EndGlobalSection
	GlobalSection(ProjectConfigurationPlatforms) = postSolution
		{F74CB008-489C-4387-92A9-DAB8EAC3722C}.Debug|Any CPU.ActiveCfg = Debug|Any CPU
		{F74CB008-489C-4387-92A9-DAB8EAC3722C}.Debug|Any CPU.Build.0 = Debug|Any CPU
		{F74CB008-489C-4387-92A9-DAB8EAC3722C}.Release|Any CPU.ActiveCfg = Release|Any CPU
		{F74CB008-489C-4387-92A9-DAB8EAC3722C}.Release|Any CPU.Build.0 = Release|Any CPU
		{65F08136-F16E-43EA-8144-A96AD98904C9}.Debug|Any CPU.ActiveCfg = Debug|Any CPU
		{65F08136-F16E-43EA-8144-A96AD98904C9}.Debug|Any CPU.Build.0 = Debug|Any CPU
		{65F08136-F16E-43EA-8144-A96AD98904C9}.Release|Any CPU.ActiveCfg = Release|Any CPU
		{65F08136-F16E-43EA-8144-A96AD98904C9}.Release|Any CPU.Build.0 = Release|Any CPU
		{30658A0B-FEFC-4B34-AD6B-BE737A0E001D}.Debug|Any CPU.ActiveCfg = Debug|Any CPU
		{30658A0B-FEFC-4B34-AD6B-BE737A0E001D}.Debug|Any CPU.Build.0 = Debug|Any CPU
		{30658A0B-FEFC-4B34-AD6B-BE737A0E001D}.Release|Any CPU.ActiveCfg = Release|Any CPU
		{30658A0B-FEFC-4B34-AD6B-BE737A0E001D}.Release|Any CPU.Build.0 = Release|Any CPU
		{C1077B1A-DB87-49B1-A4BB-D110681FF874}.Debug|Any CPU.ActiveCfg = Debug|Any CPU
		{C1077B1A-DB87-49B1-A4BB-D110681FF874}.Debug|Any CPU.Build.0 = Debug|Any CPU
		{C1077B1A-DB87-49B1-A4BB-D110681FF874}.Release|Any CPU.ActiveCfg = Release|Any CPU
		{C1077B1A-DB87-49B1-A4BB-D110681FF874}.Release|Any CPU.Build.0 = Release|Any CPU
		{3FD09C79-E9E6-4B9D-892C-5A3E2CA216F9}.Debug|Any CPU.ActiveCfg = Debug|Any CPU
		{3FD09C79-E9E6-4B9D-892C-5A3E2CA216F9}.Debug|Any CPU.Build.0 = Debug|Any CPU
		{3FD09C79-E9E6-4B9D-892C-5A3E2CA216F9}.Release|Any CPU.ActiveCfg = Release|Any CPU
		{3FD09C79-E9E6-4B9D-892C-5A3E2CA216F9}.Release|Any CPU.Build.0 = Release|Any CPU
		{370CEBDC-2186-41AB-9B4D-ED1461FA42E8}.Debug|Any CPU.ActiveCfg = Debug|Any CPU
		{370CEBDC-2186-41AB-9B4D-ED1461FA42E8}.Debug|Any CPU.Build.0 = Debug|Any CPU
		{370CEBDC-2186-41AB-9B4D-ED1461FA42E8}.Release|Any CPU.ActiveCfg = Release|Any CPU
		{370CEBDC-2186-41AB-9B4D-ED1461FA42E8}.Release|Any CPU.Build.0 = Release|Any CPU
	EndGlobalSection
	GlobalSection(SolutionProperties) = preSolution
		HideSolutionNode = FALSE
	EndGlobalSection
	GlobalSection(NestedProjects) = preSolution
		{8ABDF98D-31EC-4C8A-B4C7-11A16E426FC5} = {ED7A9CE3-BB44-4FB5-81B2-75010AF208D0}
		{C7E26715-336D-4CDF-BC8D-E43F35DE3906} = {ED7A9CE3-BB44-4FB5-81B2-75010AF208D0}
		{3F64E535-38DA-4EDE-92FD-60B507AE6819} = {ED7A9CE3-BB44-4FB5-81B2-75010AF208D0}
		{0DD80900-EEFF-4087-AADC-72A9FA9F05EE} = {ED7A9CE3-BB44-4FB5-81B2-75010AF208D0}
		{F74CB008-489C-4387-92A9-DAB8EAC3722C} = {C7E26715-336D-4CDF-BC8D-E43F35DE3906}
		{65F08136-F16E-43EA-8144-A96AD98904C9} = {C7E26715-336D-4CDF-BC8D-E43F35DE3906}
		{30658A0B-FEFC-4B34-AD6B-BE737A0E001D} = {0DD80900-EEFF-4087-AADC-72A9FA9F05EE}
		{C1077B1A-DB87-49B1-A4BB-D110681FF874} = {0DD80900-EEFF-4087-AADC-72A9FA9F05EE}
		{3FD09C79-E9E6-4B9D-892C-5A3E2CA216F9} = {8ABDF98D-31EC-4C8A-B4C7-11A16E426FC5}
		{370CEBDC-2186-41AB-9B4D-ED1461FA42E8} = {1EC6F01C-B6E9-4143-B919-9C2C12C99096}
	EndGlobalSection
	GlobalSection(ExtensibilityGlobals) = postSolution
		SolutionGuid = {EF6B1574-B1B5-43D8-848E-DEC6A70EA98C}
	EndGlobalSection
EndGlobal
